// !$*UTF8*$!
{
	archiveVersion = 1;
	classes = {
	};
	objectVersion = 77;
	objects = {

/* Begin PBXBuildFile section */
		010A193597B8B14A5082ABE0 /* LaTeXUnicode.swift in Sources */ = {isa = PBXBuildFile; fileRef = E99988B0007E2C2E6EA67BF0 /* LaTeXUnicode.swift */; };
		021435A326F27605968D93EB /* SourcesData.swift in Sources */ = {isa = PBXBuildFile; fileRef = 38CD85FE02444FA4EFA1468E /* SourcesData.swift */; };
		0487F81E9EC4B8A13C1C433E /* TokensScreen.swift in Sources */ = {isa = PBXBuildFile; fileRef = AFBA6A272095B5EF5473B928 /* TokensScreen.swift */; };
		0B7095545C7E59E0C82965A8 /* SynListRow.swift in Sources */ = {isa = PBXBuildFile; fileRef = 6F19B2AB0665F93783DA4BF0 /* SynListRow.swift */; };
		1168A7E700AAFBE479161CB7 /* GraphData.swift in Sources */ = {isa = PBXBuildFile; fileRef = BED2D71C414CAB32BBBA4BD0 /* GraphData.swift */; };
		1773FA7B5983D21EAEDFFE90 /* ChatScreen.swift in Sources */ = {isa = PBXBuildFile; fileRef = 17B8161D6055245A391B8F25 /* ChatScreen.swift */; };
		1E7A92C34E857638CE7F8164 /* SynapseSession.swift in Sources */ = {isa = PBXBuildFile; fileRef = A337AA6647E79DEAF57C7C76 /* SynapseSession.swift */; };
		1F3F8E4F39BB1A39D9A5FA7A /* SynMetrics.swift in Sources */ = {isa = PBXBuildFile; fileRef = 021C0855AEC659FD0C5D6733 /* SynMetrics.swift */; };
		227975BF9A0A799E139C59A3 /* FlowLayout.swift in Sources */ = {isa = PBXBuildFile; fileRef = 653C27B9037CD05DDC966699 /* FlowLayout.swift */; };
		24971A0CCAA2754266FCAE33 /* SynAPIError.swift in Sources */ = {isa = PBXBuildFile; fileRef = B06C086B8DF1AEAD9C9504F0 /* SynAPIError.swift */; };
		25D198AC6F5E25FE0A12A711 /* SynEmptyState.swift in Sources */ = {isa = PBXBuildFile; fileRef = 5F2B8CDDDB006C6E90E4DCB3 /* SynEmptyState.swift */; };
		31ECB2B3E2DCF524BF9C9D18 /* SynButton.swift in Sources */ = {isa = PBXBuildFile; fileRef = 8203A87D1DD24552FAF65E78 /* SynButton.swift */; };
		325563BAA4883568197270ED /* SettingsScreens.swift in Sources */ = {isa = PBXBuildFile; fileRef = B00DDFFE3C8E087E87A6DE7D /* SettingsScreens.swift */; };
		34BD08BBE89ED0C4C4A1758A /* ChatStream.swift in Sources */ = {isa = PBXBuildFile; fileRef = 9DDC6FB27115A9E089BA7285 /* ChatStream.swift */; };
		3BC3404E9BC7AB460C80CF49 /* WikiScreen.swift in Sources */ = {isa = PBXBuildFile; fileRef = 008826957142517A8F5B50A2 /* WikiScreen.swift */; };
		4887DDC55F036590EC9EA992 /* RedesignRootView.swift in Sources */ = {isa = PBXBuildFile; fileRef = 074F24E8F5C89E1AFED7CF95 /* RedesignRootView.swift */; };
		495EB024F7DF04DCD0CF8531 /* ScreenshotHarness.swift in Sources */ = {isa = PBXBuildFile; fileRef = 599FD1BB78F8C01D574EAB1E /* ScreenshotHarness.swift */; };
		54C300C146EC4766146DC381 /* ReviewScreen.swift in Sources */ = {isa = PBXBuildFile; fileRef = 03A363C46FF6122217784C28 /* ReviewScreen.swift */; };
		59D7503F417122127E4232C5 /* ActivityScreen.swift in Sources */ = {isa = PBXBuildFile; fileRef = AFF4AA93067BB6768E068B00 /* ActivityScreen.swift */; };
		675C1E08093FA9D9FEA3DD4A /* SynChip.swift in Sources */ = {isa = PBXBuildFile; fileRef = 5B33177AD33A68FD6BC9A9EE /* SynChip.swift */; };
		6EF553D1509252AFCB0EA8D9 /* GraphRenderer.swift in Sources */ = {isa = PBXBuildFile; fileRef = 74D8C4C79EDAF5AA61513A97 /* GraphRenderer.swift */; };
		7C78B3FEF3093F086C195943 /* EventsClient.swift in Sources */ = {isa = PBXBuildFile; fileRef = 7373E015F8BA5E4C10D17571 /* EventsClient.swift */; };
		8089B250F7BEF90B77D3F423 /* DTO.swift in Sources */ = {isa = PBXBuildFile; fileRef = 4F67A35C2B5E7ED37763BEBB /* DTO.swift */; };
		85B494F4BDDD9A86FEAB62E6 /* SynCard.swift in Sources */ = {isa = PBXBuildFile; fileRef = 61C14A7DC74A8656513039CF /* SynCard.swift */; };
		8AB04A72662C289D87664D39 /* RedesignMockData.swift in Sources */ = {isa = PBXBuildFile; fileRef = 126EF52B7DD0B9E1ACFC6D96 /* RedesignMockData.swift */; };
		92C9C4D0B574A64FB659A1D2 /* HomeScreen.swift in Sources */ = {isa = PBXBuildFile; fileRef = B050659ACCE2E26312856277 /* HomeScreen.swift */; };
		A68815923743789DA85D54E8 /* SynColor.swift in Sources */ = {isa = PBXBuildFile; fileRef = 064F5607420429D564FEA7A9 /* SynColor.swift */; };
		AC725C70060DC976E9BD85E0 /* SourcesScreen.swift in Sources */ = {isa = PBXBuildFile; fileRef = CBA1A1AAA8455753048C42C3 /* SourcesScreen.swift */; };
		B8BE8B43D73AEE9057B9ADB3 /* SynSkeleton.swift in Sources */ = {isa = PBXBuildFile; fileRef = 6222E89A70A1909A3A3B0962 /* SynSkeleton.swift */; };
		B9A5410D0937D7913C924984 /* MoreScreen.swift in Sources */ = {isa = PBXBuildFile; fileRef = E4748C08E7D512B29292EE65 /* MoreScreen.swift */; };
		CF101E8A4B3A788ADF200266 /* SynapseApp.swift in Sources */ = {isa = PBXBuildFile; fileRef = FCACC88C6454277956726878 /* SynapseApp.swift */; };
		DEAC40AD1D8B4984C824FD37 /* APIClient.swift in Sources */ = {isa = PBXBuildFile; fileRef = 9E4764C57B5F01944815454A /* APIClient.swift */; };
		EA9FB90D7CC0DAFCC6EA61F5 /* GraphScreen.swift in Sources */ = {isa = PBXBuildFile; fileRef = FA566467DDC6F003E6624072 /* GraphScreen.swift */; };
		EC66939761E0E4C711480FF1 /* SearchScreen.swift in Sources */ = {isa = PBXBuildFile; fileRef = 23F02D95C6DCAD65A7FF58F7 /* SearchScreen.swift */; };
		ECD68EEA296D5E3EA1F1B0C3 /* ProviderData.swift in Sources */ = {isa = PBXBuildFile; fileRef = 71320B3C72D2F6FA9184F134 /* ProviderData.swift */; };
		F130A3AE3317CD34B8419BAA /* Assets.xcassets in Resources */ = {isa = PBXBuildFile; fileRef = CB8BA24E7E55C8EF0A3530F0 /* Assets.xcassets */; };
		F219E01330DF274E3B686EC2 /* MarkdownView.swift in Sources */ = {isa = PBXBuildFile; fileRef = F8586533ADD1A60CAA4DE0EA /* MarkdownView.swift */; };
		F44B17348ABF346E82B5ED52 /* ReviewData.swift in Sources */ = {isa = PBXBuildFile; fileRef = EF3B6F059C6A5707118568E7 /* ReviewData.swift */; };
		F4D2A6BA6FAF956DA0570702 /* Keychain.swift in Sources */ = {isa = PBXBuildFile; fileRef = 679BB655A2B1D00305FE433C /* Keychain.swift */; };
		F6258A505EE94482CE9D2A26 /* LoadState.swift in Sources */ = {isa = PBXBuildFile; fileRef = 987240B6B66E11782F54D626 /* LoadState.swift */; };
/* End PBXBuildFile section */

/* Begin PBXFileReference section */
		008826957142517A8F5B50A2 /* WikiScreen.swift */ = {isa = PBXFileReference; lastKnownFileType = sourcecode.swift; path = WikiScreen.swift; sourceTree = "<group>"; };
		021C0855AEC659FD0C5D6733 /* SynMetrics.swift */ = {isa = PBXFileReference; lastKnownFileType = sourcecode.swift; path = SynMetrics.swift; sourceTree = "<group>"; };
		03A363C46FF6122217784C28 /* ReviewScreen.swift */ = {isa = PBXFileReference; lastKnownFileType = sourcecode.swift; path = ReviewScreen.swift; sourceTree = "<group>"; };
		064F5607420429D564FEA7A9 /* SynColor.swift */ = {isa = PBXFileReference; lastKnownFileType = sourcecode.swift; path = SynColor.swift; sourceTree = "<group>"; };
		074F24E8F5C89E1AFED7CF95 /* RedesignRootView.swift */ = {isa = PBXFileReference; lastKnownFileType = sourcecode.swift; path = RedesignRootView.swift; sourceTree = "<group>"; };
		0E15235537B931DCAA752074 /* Info.plist */ = {isa = PBXFileReference; lastKnownFileType = text.plist; path = Info.plist; sourceTree = "<group>"; };
		126EF52B7DD0B9E1ACFC6D96 /* RedesignMockData.swift */ = {isa = PBXFileReference; lastKnownFileType = sourcecode.swift; path = RedesignMockData.swift; sourceTree = "<group>"; };
		12B05C011702D5236468CEDD /* Synapse.app */ = {isa = PBXFileReference; includeInIndex = 0; lastKnownFileType = wrapper.application; path = Synapse.app; sourceTree = BUILT_PRODUCTS_DIR; };
		17B8161D6055245A391B8F25 /* ChatScreen.swift */ = {isa = PBXFileReference; lastKnownFileType = sourcecode.swift; path = ChatScreen.swift; sourceTree = "<group>"; };
		23F02D95C6DCAD65A7FF58F7 /* SearchScreen.swift */ = {isa = PBXFileReference; lastKnownFileType = sourcecode.swift; path = SearchScreen.swift; sourceTree = "<group>"; };
		38CD85FE02444FA4EFA1468E /* SourcesData.swift */ = {isa = PBXFileReference; lastKnownFileType = sourcecode.swift; path = SourcesData.swift; sourceTree = "<group>"; };
		4F67A35C2B5E7ED37763BEBB /* DTO.swift */ = {isa = PBXFileReference; lastKnownFileType = sourcecode.swift; path = DTO.swift; sourceTree = "<group>"; };
		599FD1BB78F8C01D574EAB1E /* ScreenshotHarness.swift */ = {isa = PBXFileReference; lastKnownFileType = sourcecode.swift; path = ScreenshotHarness.swift; sourceTree = "<group>"; };
		5B33177AD33A68FD6BC9A9EE /* SynChip.swift */ = {isa = PBXFileReference; lastKnownFileType = sourcecode.swift; path = SynChip.swift; sourceTree = "<group>"; };
		5F2B8CDDDB006C6E90E4DCB3 /* SynEmptyState.swift */ = {isa = PBXFileReference; lastKnownFileType = sourcecode.swift; path = SynEmptyState.swift; sourceTree = "<group>"; };
		61C14A7DC74A8656513039CF /* SynCard.swift */ = {isa = PBXFileReference; lastKnownFileType = sourcecode.swift; path = SynCard.swift; sourceTree = "<group>"; };
		6222E89A70A1909A3A3B0962 /* SynSkeleton.swift */ = {isa = PBXFileReference; lastKnownFileType = sourcecode.swift; path = SynSkeleton.swift; sourceTree = "<group>"; };
		653C27B9037CD05DDC966699 /* FlowLayout.swift */ = {isa = PBXFileReference; lastKnownFileType = sourcecode.swift; path = FlowLayout.swift; sourceTree = "<group>"; };
		679BB655A2B1D00305FE433C /* Keychain.swift */ = {isa = PBXFileReference; lastKnownFileType = sourcecode.swift; path = Keychain.swift; sourceTree = "<group>"; };
		6F19B2AB0665F93783DA4BF0 /* SynListRow.swift */ = {isa = PBXFileReference; lastKnownFileType = sourcecode.swift; path = SynListRow.swift; sourceTree = "<group>"; };
		71320B3C72D2F6FA9184F134 /* ProviderData.swift */ = {isa = PBXFileReference; lastKnownFileType = sourcecode.swift; path = ProviderData.swift; sourceTree = "<group>"; };
		7373E015F8BA5E4C10D17571 /* EventsClient.swift */ = {isa = PBXFileReference; lastKnownFileType = sourcecode.swift; path = EventsClient.swift; sourceTree = "<group>"; };
		74D8C4C79EDAF5AA61513A97 /* GraphRenderer.swift */ = {isa = PBXFileReference; lastKnownFileType = sourcecode.swift; path = GraphRenderer.swift; sourceTree = "<group>"; };
		8203A87D1DD24552FAF65E78 /* SynButton.swift */ = {isa = PBXFileReference; lastKnownFileType = sourcecode.swift; path = SynButton.swift; sourceTree = "<group>"; };
		987240B6B66E11782F54D626 /* LoadState.swift */ = {isa = PBXFileReference; lastKnownFileType = sourcecode.swift; path = LoadState.swift; sourceTree = "<group>"; };
		9DDC6FB27115A9E089BA7285 /* ChatStream.swift */ = {isa = PBXFileReference; lastKnownFileType = sourcecode.swift; path = ChatStream.swift; sourceTree = "<group>"; };
		9E4764C57B5F01944815454A /* APIClient.swift */ = {isa = PBXFileReference; lastKnownFileType = sourcecode.swift; path = APIClient.swift; sourceTree = "<group>"; };
		A337AA6647E79DEAF57C7C76 /* SynapseSession.swift */ = {isa = PBXFileReference; lastKnownFileType = sourcecode.swift; path = SynapseSession.swift; sourceTree = "<group>"; };
		AFBA6A272095B5EF5473B928 /* TokensScreen.swift */ = {isa = PBXFileReference; lastKnownFileType = sourcecode.swift; path = TokensScreen.swift; sourceTree = "<group>"; };
		AFF4AA93067BB6768E068B00 /* ActivityScreen.swift */ = {isa = PBXFileReference; lastKnownFileType = sourcecode.swift; path = ActivityScreen.swift; sourceTree = "<group>"; };
		B00DDFFE3C8E087E87A6DE7D /* SettingsScreens.swift */ = {isa = PBXFileReference; lastKnownFileType = sourcecode.swift; path = SettingsScreens.swift; sourceTree = "<group>"; };
		B050659ACCE2E26312856277 /* HomeScreen.swift */ = {isa = PBXFileReference; lastKnownFileType = sourcecode.swift; path = HomeScreen.swift; sourceTree = "<group>"; };
		B06C086B8DF1AEAD9C9504F0 /* SynAPIError.swift */ = {isa = PBXFileReference; lastKnownFileType = sourcecode.swift; path = SynAPIError.swift; sourceTree = "<group>"; };
		BED2D71C414CAB32BBBA4BD0 /* GraphData.swift */ = {isa = PBXFileReference; lastKnownFileType = sourcecode.swift; path = GraphData.swift; sourceTree = "<group>"; };
		CB8BA24E7E55C8EF0A3530F0 /* Assets.xcassets */ = {isa = PBXFileReference; lastKnownFileType = folder.assetcatalog; path = Assets.xcassets; sourceTree = "<group>"; };
		CBA1A1AAA8455753048C42C3 /* SourcesScreen.swift */ = {isa = PBXFileReference; lastKnownFileType = sourcecode.swift; path = SourcesScreen.swift; sourceTree = "<group>"; };
		E4748C08E7D512B29292EE65 /* MoreScreen.swift */ = {isa = PBXFileReference; lastKnownFileType = sourcecode.swift; path = MoreScreen.swift; sourceTree = "<group>"; };
		E99988B0007E2C2E6EA67BF0 /* LaTeXUnicode.swift */ = {isa = PBXFileReference; lastKnownFileType = sourcecode.swift; path = LaTeXUnicode.swift; sourceTree = "<group>"; };
		EF3B6F059C6A5707118568E7 /* ReviewData.swift */ = {isa = PBXFileReference; lastKnownFileType = sourcecode.swift; path = ReviewData.swift; sourceTree = "<group>"; };
		F8586533ADD1A60CAA4DE0EA /* MarkdownView.swift */ = {isa = PBXFileReference; lastKnownFileType = sourcecode.swift; path = MarkdownView.swift; sourceTree = "<group>"; };
		FA566467DDC6F003E6624072 /* GraphScreen.swift */ = {isa = PBXFileReference; lastKnownFileType = sourcecode.swift; path = GraphScreen.swift; sourceTree = "<group>"; };
		FCACC88C6454277956726878 /* SynapseApp.swift */ = {isa = PBXFileReference; lastKnownFileType = sourcecode.swift; path = SynapseApp.swift; sourceTree = "<group>"; };
/* End PBXFileReference section */

/* Begin PBXGroup section */
		131129A65ACBACA30A72B5EF /* Redesign */ = {
			isa = PBXGroup;
			children = (
				EF295DF63B3E9EFA2DB61E46 /* Data */,
				DC1792D1F86FA4DCB413DD82 /* Graph */,
				F0D928DA9101115867E27170 /* Review */,
				ED157B803194094E04E52DFC /* Settings */,
				E8E3FEA6B25624541F864B5C /* Sources */,
				5A4F99F6BACA0BDF67F4F116 /* Support */,
				17B8161D6055245A391B8F25 /* ChatScreen.swift */,
				B050659ACCE2E26312856277 /* HomeScreen.swift */,
				E4748C08E7D512B29292EE65 /* MoreScreen.swift */,
				126EF52B7DD0B9E1ACFC6D96 /* RedesignMockData.swift */,
				074F24E8F5C89E1AFED7CF95 /* RedesignRootView.swift */,
				599FD1BB78F8C01D574EAB1E /* ScreenshotHarness.swift */,
				23F02D95C6DCAD65A7FF58F7 /* SearchScreen.swift */,
				AFBA6A272095B5EF5473B928 /* TokensScreen.swift */,
				008826957142517A8F5B50A2 /* WikiScreen.swift */,
			);
			path = Redesign;
			sourceTree = "<group>";
		};
		3B2A3B979453857834AB0F82 /* Synapse */ = {
			isa = PBXGroup;
			children = (
				BA13A0C631AAE6025E9A1E05 /* App */,
				8A015119DF938F8A5D85196D /* DesignSystem */,
				131129A65ACBACA30A72B5EF /* Redesign */,
				D0C343FBDE7D5F2BB2C46395 /* Shared */,
				CB8BA24E7E55C8EF0A3530F0 /* Assets.xcassets */,
				0E15235537B931DCAA752074 /* Info.plist */,
			);
			path = Synapse;
			sourceTree = "<group>";
		};
		5A4F99F6BACA0BDF67F4F116 /* Support */ = {
			isa = PBXGroup;
			children = (
				E99988B0007E2C2E6EA67BF0 /* LaTeXUnicode.swift */,
				987240B6B66E11782F54D626 /* LoadState.swift */,
				F8586533ADD1A60CAA4DE0EA /* MarkdownView.swift */,
			);
			path = Support;
			sourceTree = "<group>";
		};
		8A015119DF938F8A5D85196D /* DesignSystem */ = {
			isa = PBXGroup;
			children = (
				8203A87D1DD24552FAF65E78 /* SynButton.swift */,
				61C14A7DC74A8656513039CF /* SynCard.swift */,
				5B33177AD33A68FD6BC9A9EE /* SynChip.swift */,
				064F5607420429D564FEA7A9 /* SynColor.swift */,
				5F2B8CDDDB006C6E90E4DCB3 /* SynEmptyState.swift */,
				6F19B2AB0665F93783DA4BF0 /* SynListRow.swift */,
				021C0855AEC659FD0C5D6733 /* SynMetrics.swift */,
				6222E89A70A1909A3A3B0962 /* SynSkeleton.swift */,
			);
			path = DesignSystem;
			sourceTree = "<group>";
		};
		8B9CF596FCB07B1002F10E36 /* Products */ = {
			isa = PBXGroup;
			children = (
				12B05C011702D5236468CEDD /* Synapse.app */,
			);
			name = Products;
			sourceTree = "<group>";
		};
		A4F5770B49C317E953F28FE6 = {
			isa = PBXGroup;
			children = (
				3B2A3B979453857834AB0F82 /* Synapse */,
				8B9CF596FCB07B1002F10E36 /* Products */,
			);
			sourceTree = "<group>";
		};
		BA13A0C631AAE6025E9A1E05 /* App */ = {
			isa = PBXGroup;
			children = (
				FCACC88C6454277956726878 /* SynapseApp.swift */,
			);
			path = App;
			sourceTree = "<group>";
		};
		D0C343FBDE7D5F2BB2C46395 /* Shared */ = {
			isa = PBXGroup;
			children = (
				653C27B9037CD05DDC966699 /* FlowLayout.swift */,
			);
			path = Shared;
			sourceTree = "<group>";
		};
		DC1792D1F86FA4DCB413DD82 /* Graph */ = {
			isa = PBXGroup;
			children = (
				BED2D71C414CAB32BBBA4BD0 /* GraphData.swift */,
				74D8C4C79EDAF5AA61513A97 /* GraphRenderer.swift */,
				FA566467DDC6F003E6624072 /* GraphScreen.swift */,
			);
			path = Graph;
			sourceTree = "<group>";
		};
		E8E3FEA6B25624541F864B5C /* Sources */ = {
			isa = PBXGroup;
			children = (
				AFF4AA93067BB6768E068B00 /* ActivityScreen.swift */,
				38CD85FE02444FA4EFA1468E /* SourcesData.swift */,
				CBA1A1AAA8455753048C42C3 /* SourcesScreen.swift */,
			);
			path = Sources;
			sourceTree = "<group>";
		};
		ED157B803194094E04E52DFC /* Settings */ = {
			isa = PBXGroup;
			children = (
				71320B3C72D2F6FA9184F134 /* ProviderData.swift */,
				B00DDFFE3C8E087E87A6DE7D /* SettingsScreens.swift */,
			);
			path = Settings;
			sourceTree = "<group>";
		};
		EF295DF63B3E9EFA2DB61E46 /* Data */ = {
			isa = PBXGroup;
			children = (
				9E4764C57B5F01944815454A /* APIClient.swift */,
				9DDC6FB27115A9E089BA7285 /* ChatStream.swift */,
				4F67A35C2B5E7ED37763BEBB /* DTO.swift */,
				7373E015F8BA5E4C10D17571 /* EventsClient.swift */,
				679BB655A2B1D00305FE433C /* Keychain.swift */,
				B06C086B8DF1AEAD9C9504F0 /* SynAPIError.swift */,
				A337AA6647E79DEAF57C7C76 /* SynapseSession.swift */,
			);
			path = Data;
			sourceTree = "<group>";
		};
		F0D928DA9101115867E27170 /* Review */ = {
			isa = PBXGroup;
			children = (
				EF3B6F059C6A5707118568E7 /* ReviewData.swift */,
				03A363C46FF6122217784C28 /* ReviewScreen.swift */,
			);
			path = Review;
			sourceTree = "<group>";
		};
/* End PBXGroup section */

/* Begin PBXNativeTarget section */
		8A0948731DE4E6FB31A1F4E4 /* Synapse */ = {
			isa = PBXNativeTarget;
			buildConfigurationList = 50695B2EDBB4BCF5749FBE8E /* Build configuration list for PBXNativeTarget "Synapse" */;
			buildPhases = (
				76F68365252726D3495007B2 /* Sources */,
				316A3E882072A16A19161472 /* Resources */,
			);
			buildRules = (
			);
			dependencies = (
			);
			name = Synapse;
			packageProductDependencies = (
			);
			productName = Synapse;
			productReference = 12B05C011702D5236468CEDD /* Synapse.app */;
			productType = "com.apple.product-type.application";
		};
/* End PBXNativeTarget section */

/* Begin PBXProject section */
		63ECA7F26C9BEC01908AC62B /* Project object */ = {
			isa = PBXProject;
			attributes = {
				BuildIndependentTargetsInParallel = YES;
				LastUpgradeCheck = 1430;
				TargetAttributes = {
					8A0948731DE4E6FB31A1F4E4 = {
						DevelopmentTeam = 4SUH9X5QWS;
						ProvisioningStyle = Automatic;
					};
				};
			};
			buildConfigurationList = F9E134B30A5BBF25B9343AD5 /* Build configuration list for PBXProject "Synapse" */;
			developmentRegion = en;
			hasScannedForEncodings = 0;
			knownRegions = (
				Base,
				en,
			);
			mainGroup = A4F5770B49C317E953F28FE6;
			minimizedProjectReferenceProxies = 1;
			preferredProjectObjectVersion = 77;
			productRefGroup = 8B9CF596FCB07B1002F10E36 /* Products */;
			projectDirPath = "";
			projectRoot = "";
			targets = (
				8A0948731DE4E6FB31A1F4E4 /* Synapse */,
			);
		};
/* End PBXProject section */

/* Begin PBXResourcesBuildPhase section */
		316A3E882072A16A19161472 /* Resources */ = {
			isa = PBXResourcesBuildPhase;
			buildActionMask = 2147483647;
			files = (
				F130A3AE3317CD34B8419BAA /* Assets.xcassets in Resources */,
			);
			runOnlyForDeploymentPostprocessing = 0;
		};
/* End PBXResourcesBuildPhase section */

/* Begin PBXSourcesBuildPhase section */
		76F68365252726D3495007B2 /* Sources */ = {
			isa = PBXSourcesBuildPhase;
			buildActionMask = 2147483647;
			files = (
				DEAC40AD1D8B4984C824FD37 /* APIClient.swift in Sources */,
				59D7503F417122127E4232C5 /* ActivityScreen.swift in Sources */,
				1773FA7B5983D21EAEDFFE90 /* ChatScreen.swift in Sources */,
				34BD08BBE89ED0C4C4A1758A /* ChatStream.swift in Sources */,
				8089B250F7BEF90B77D3F423 /* DTO.swift in Sources */,
				7C78B3FEF3093F086C195943 /* EventsClient.swift in Sources */,
				227975BF9A0A799E139C59A3 /* FlowLayout.swift in Sources */,
				1168A7E700AAFBE479161CB7 /* GraphData.swift in Sources */,
				6EF553D1509252AFCB0EA8D9 /* GraphRenderer.swift in Sources */,
				EA9FB90D7CC0DAFCC6EA61F5 /* GraphScreen.swift in Sources */,
				92C9C4D0B574A64FB659A1D2 /* HomeScreen.swift in Sources */,
				F4D2A6BA6FAF956DA0570702 /* Keychain.swift in Sources */,
				010A193597B8B14A5082ABE0 /* LaTeXUnicode.swift in Sources */,
				F6258A505EE94482CE9D2A26 /* LoadState.swift in Sources */,
				F219E01330DF274E3B686EC2 /* MarkdownView.swift in Sources */,
				B9A5410D0937D7913C924984 /* MoreScreen.swift in Sources */,
				ECD68EEA296D5E3EA1F1B0C3 /* ProviderData.swift in Sources */,
				8AB04A72662C289D87664D39 /* RedesignMockData.swift in Sources */,
				4887DDC55F036590EC9EA992 /* RedesignRootView.swift in Sources */,
				F44B17348ABF346E82B5ED52 /* ReviewData.swift in Sources */,
				54C300C146EC4766146DC381 /* ReviewScreen.swift in Sources */,
				495EB024F7DF04DCD0CF8531 /* ScreenshotHarness.swift in Sources */,
				EC66939761E0E4C711480FF1 /* SearchScreen.swift in Sources */,
				325563BAA4883568197270ED /* SettingsScreens.swift in Sources */,
				021435A326F27605968D93EB /* SourcesData.swift in Sources */,
				AC725C70060DC976E9BD85E0 /* SourcesScreen.swift in Sources */,
				24971A0CCAA2754266FCAE33 /* SynAPIError.swift in Sources */,
				31ECB2B3E2DCF524BF9C9D18 /* SynButton.swift in Sources */,
				85B494F4BDDD9A86FEAB62E6 /* SynCard.swift in Sources */,
				675C1E08093FA9D9FEA3DD4A /* SynChip.swift in Sources */,
				A68815923743789DA85D54E8 /* SynColor.swift in Sources */,
				25D198AC6F5E25FE0A12A711 /* SynEmptyState.swift in Sources */,
				0B7095545C7E59E0C82965A8 /* SynListRow.swift in Sources */,
				1F3F8E4F39BB1A39D9A5FA7A /* SynMetrics.swift in Sources */,
				B8BE8B43D73AEE9057B9ADB3 /* SynSkeleton.swift in Sources */,
				CF101E8A4B3A788ADF200266 /* SynapseApp.swift in Sources */,
				1E7A92C34E857638CE7F8164 /* SynapseSession.swift in Sources */,
				0487F81E9EC4B8A13C1C433E /* TokensScreen.swift in Sources */,
				3BC3404E9BC7AB460C80CF49 /* WikiScreen.swift in Sources */,
			);
			runOnlyForDeploymentPostprocessing = 0;
		};
/* End PBXSourcesBuildPhase section */

/* Begin XCBuildConfiguration section */
		2CEAE979A133FFD1F794D5B9 /* Debug */ = {
			isa = XCBuildConfiguration;
			buildSettings = {
				ALWAYS_SEARCH_USER_PATHS = NO;
				CLANG_ANALYZER_NONNULL = YES;
				CLANG_ANALYZER_NUMBER_OBJECT_CONVERSION = YES_AGGRESSIVE;
				CLANG_CXX_LANGUAGE_STANDARD = "gnu++14";
				CLANG_CXX_LIBRARY = "libc++";
				CLANG_ENABLE_MODULES = YES;
				CLANG_ENABLE_OBJC_ARC = YES;
				CLANG_ENABLE_OBJC_WEAK = YES;
				CLANG_WARN_BLOCK_CAPTURE_AUTORELEASING = YES;
				CLANG_WARN_BOOL_CONVERSION = YES;
				CLANG_WARN_COMMA = YES;
				CLANG_WARN_CONSTANT_CONVERSION = YES;
				CLANG_WARN_DEPRECATED_OBJC_IMPLEMENTATIONS = YES;
				CLANG_WARN_DIRECT_OBJC_ISA_USAGE = YES_ERROR;
				CLANG_WARN_DOCUMENTATION_COMMENTS = YES;
				CLANG_WARN_EMPTY_BODY = YES;
				CLANG_WARN_ENUM_CONVERSION = YES;
				CLANG_WARN_INFINITE_RECURSION = YES;
				CLANG_WARN_INT_CONVERSION = YES;
				CLANG_WARN_NON_LITERAL_NULL_CONVERSION = YES;
				CLANG_WARN_OBJC_IMPLICIT_RETAIN_SELF = YES;
				CLANG_WARN_OBJC_LITERAL_CONVERSION = YES;
				CLANG_WARN_OBJC_ROOT_CLASS = YES_ERROR;
				CLANG_WARN_QUOTED_INCLUDE_IN_FRAMEWORK_HEADER = YES;
				CLANG_WARN_RANGE_LOOP_ANALYSIS = YES;
				CLANG_WARN_STRICT_PROTOTYPES = YES;
				CLANG_WARN_SUSPICIOUS_MOVE = YES;
				CLANG_WARN_UNGUARDED_AVAILABILITY = YES_AGGRESSIVE;
				CLANG_WARN_UNREACHABLE_CODE = YES;
				CLANG_WARN__DUPLICATE_METHOD_MATCH = YES;
				CODE_SIGN_STYLE = Automatic;
				COPY_PHASE_STRIP = NO;
				CURRENT_PROJECT_VERSION = 1;
				DEBUG_INFORMATION_FORMAT = dwarf;
				DEVELOPMENT_TEAM = 4SUH9X5QWS;
				ENABLE_STRICT_OBJC_MSGSEND = YES;
				ENABLE_TESTABILITY = YES;
				GCC_C_LANGUAGE_STANDARD = gnu11;
				GCC_DYNAMIC_NO_PIC = NO;
				GCC_NO_COMMON_BLOCKS = YES;
				GCC_OPTIMIZATION_LEVEL = 0;
				GCC_PREPROCESSOR_DEFINITIONS = (
					"$(inherited)",
					"DEBUG=1",
				);
				GCC_WARN_64_TO_32_BIT_CONVERSION = YES;
				GCC_WARN_ABOUT_RETURN_TYPE = YES_ERROR;
				GCC_WARN_UNDECLARED_SELECTOR = YES;
				GCC_WARN_UNINITIALIZED_AUTOS = YES_AGGRESSIVE;
				GCC_WARN_UNUSED_FUNCTION = YES;
				GCC_WARN_UNUSED_VARIABLE = YES;
				IPHONEOS_DEPLOYMENT_TARGET = 17.0;
				MARKETING_VERSION = 1.4.1;
				MTL_ENABLE_DEBUG_INFO = INCLUDE_SOURCE;
				MTL_FAST_MATH = YES;
				ONLY_ACTIVE_ARCH = YES;
				PRODUCT_NAME = "$(TARGET_NAME)";
				SDKROOT = iphoneos;
				SWIFT_ACTIVE_COMPILATION_CONDITIONS = DEBUG;
				SWIFT_OPTIMIZATION_LEVEL = "-Onone";
				SWIFT_VERSION = 5.0;
			};
			name = Debug;
		};
		4C3D2735868DF9C333D5797A /* Release */ = {
			isa = XCBuildConfiguration;
			buildSettings = {
				ALWAYS_SEARCH_USER_PATHS = NO;
				CLANG_ANALYZER_NONNULL = YES;
				CLANG_ANALYZER_NUMBER_OBJECT_CONVERSION = YES_AGGRESSIVE;
				CLANG_CXX_LANGUAGE_STANDARD = "gnu++14";
				CLANG_CXX_LIBRARY = "libc++";
				CLANG_ENABLE_MODULES = YES;
				CLANG_ENABLE_OBJC_ARC = YES;
				CLANG_ENABLE_OBJC_WEAK = YES;
				CLANG_WARN_BLOCK_CAPTURE_AUTORELEASING = YES;
				CLANG_WARN_BOOL_CONVERSION = YES;
				CLANG_WARN_COMMA = YES;
				CLANG_WARN_CONSTANT_CONVERSION = YES;
				CLANG_WARN_DEPRECATED_OBJC_IMPLEMENTATIONS = YES;
				CLANG_WARN_DIRECT_OBJC_ISA_USAGE = YES_ERROR;
				CLANG_WARN_DOCUMENTATION_COMMENTS = YES;
				CLANG_WARN_EMPTY_BODY = YES;
				CLANG_WARN_ENUM_CONVERSION = YES;
				CLANG_WARN_INFINITE_RECURSION = YES;
				CLANG_WARN_INT_CONVERSION = YES;
				CLANG_WARN_NON_LITERAL_NULL_CONVERSION = YES;
				CLANG_WARN_OBJC_IMPLICIT_RETAIN_SELF = YES;
				CLANG_WARN_OBJC_LITERAL_CONVERSION = YES;
				CLANG_WARN_OBJC_ROOT_CLASS = YES_ERROR;
				CLANG_WARN_QUOTED_INCLUDE_IN_FRAMEWORK_HEADER = YES;
				CLANG_WARN_RANGE_LOOP_ANALYSIS = YES;
				CLANG_WARN_STRICT_PROTOTYPES = YES;
				CLANG_WARN_SUSPICIOUS_MOVE = YES;
				CLANG_WARN_UNGUARDED_AVAILABILITY = YES_AGGRESSIVE;
				CLANG_WARN_UNREACHABLE_CODE = YES;
				CLANG_WARN__DUPLICATE_METHOD_MATCH = YES;
				CODE_SIGN_STYLE = Automatic;
				COPY_PHASE_STRIP = NO;
				CURRENT_PROJECT_VERSION = 1;
				DEBUG_INFORMATION_FORMAT = "dwarf-with-dsym";
				DEVELOPMENT_TEAM = 4SUH9X5QWS;
				ENABLE_NS_ASSERTIONS = NO;
				ENABLE_STRICT_OBJC_MSGSEND = YES;
				GCC_C_LANGUAGE_STANDARD = gnu11;
				GCC_NO_COMMON_BLOCKS = YES;
				GCC_WARN_64_TO_32_BIT_CONVERSION = YES;
				GCC_WARN_ABOUT_RETURN_TYPE = YES_ERROR;
				GCC_WARN_UNDECLARED_SELECTOR = YES;
				GCC_WARN_UNINITIALIZED_AUTOS = YES_AGGRESSIVE;
				GCC_WARN_UNUSED_FUNCTION = YES;
				GCC_WARN_UNUSED_VARIABLE = YES;
				IPHONEOS_DEPLOYMENT_TARGET = 17.0;
				MARKETING_VERSION = 1.4.1;
				MTL_ENABLE_DEBUG_INFO = NO;
				MTL_FAST_MATH = YES;
				PRODUCT_NAME = "$(TARGET_NAME)";
				SDKROOT = iphoneos;
				SWIFT_COMPILATION_MODE = wholemodule;
				SWIFT_OPTIMIZATION_LEVEL = "-O";
				SWIFT_VERSION = 5.0;
			};
			name = Release;
		};
		E58AC28179BB0FD1F7F330DC /* Debug */ = {
			isa = XCBuildConfiguration;
			buildSettings = {
				ASSETCATALOG_COMPILER_APPICON_NAME = AppIcon;
				ASSETCATALOG_COMPILER_GLOBAL_ACCENT_COLOR_NAME = AccentColor;
				CODE_SIGN_IDENTITY = "iPhone Developer";
				ENABLE_PREVIEWS = YES;
				INFOPLIST_FILE = Synapse/Info.plist;
				LD_RUNPATH_SEARCH_PATHS = (
					"$(inherited)",
					"@executable_path/Frameworks",
				);
				PRODUCT_BUNDLE_IDENTIFIER = ai.synapse.mobile;
				SDKROOT = iphoneos;
				TARGETED_DEVICE_FAMILY = 1;
			};
			name = Debug;
		};
		EC42F100B62DDE1251E4FC30 /* Release */ = {
			isa = XCBuildConfiguration;
			buildSettings = {
				ASSETCATALOG_COMPILER_APPICON_NAME = AppIcon;
				ASSETCATALOG_COMPILER_GLOBAL_ACCENT_COLOR_NAME = AccentColor;
				CODE_SIGN_IDENTITY = "iPhone Developer";
				ENABLE_PREVIEWS = YES;
				INFOPLIST_FILE = Synapse/Info.plist;
				LD_RUNPATH_SEARCH_PATHS = (
					"$(inherited)",
					"@executable_path/Frameworks",
				);
				PRODUCT_BUNDLE_IDENTIFIER = ai.synapse.mobile;
				SDKROOT = iphoneos;
				TARGETED_DEVICE_FAMILY = 1;
			};
			name = Release;
		};
/* End XCBuildConfiguration section */

/* Begin XCConfigurationList section */
		50695B2EDBB4BCF5749FBE8E /* Build configuration list for PBXNativeTarget "Synapse" */ = {
			isa = XCConfigurationList;
			buildConfigurations = (
				E58AC28179BB0FD1F7F330DC /* Debug */,
				EC42F100B62DDE1251E4FC30 /* Release */,
			);
			defaultConfigurationIsVisible = 0;
			defaultConfigurationName = Debug;
		};
		F9E134B30A5BBF25B9343AD5 /* Build configuration list for PBXProject "Synapse" */ = {
			isa = XCConfigurationList;
			buildConfigurations = (
				2CEAE979A133FFD1F794D5B9 /* Debug */,
				4C3D2735868DF9C333D5797A /* Release */,
			);
			defaultConfigurationIsVisible = 0;
			defaultConfigurationName = Debug;
		};
/* End XCConfigurationList section */
	};
	rootObject = 63ECA7F26C9BEC01908AC62B /* Project object */;
}
